
Microsoft Visual Studio Solution File, Format Version 12.00
# Visual Studio Version 17
VisualStudioVersion = 17.0.31903.59
MinimumVisualStudioVersion = 10.0.40219.1
Project("{FAE04EC0-301F-11D3-BF4B-00C04F79EFBC}") = "Moss.NET.Sdk", "Moss.NET.Sdk\Moss.NET.Sdk.csproj", "{B28A21C0-80E0-43DB-A4BA-387F84323F54}"
EndProject
Project("{FAE04EC0-301F-11D3-BF4B-00C04F79EFBC}") = "SdkTesterPlugin", "SdkTesterPlugin\SdkTesterPlugin.csproj", "{595374CC-F881-409C-AD8C-59DA6DA798BC}"
EndProject
Project("{FAE04EC0-301F-11D3-BF4B-00C04F79EFBC}") = "EpubTest", "EpubTest\EpubTest.csproj", "{742807CB-63AE-4E97-9741-AC8CBFA5C235}"
EndProject
Project("{FAE04EC0-301F-11D3-BF4B-00C04F79EFBC}") = "FSharpSample", "FSharpSample\FSharpSample.fsproj", "{9C852229-578E-4DE8-9B29-7792E07CE9BC}"
EndProject
Project("{FAE04EC0-301F-11D3-BF4B-00C04F79EFBC}") = "Archiver", "Plugins\Archiver\Archiver.csproj", "{DCF85C61-D42A-4400-9D51-5268AFDD70FC}"
EndProject
Project("{2150E333-8FDC-42A3-9474-1A3956D46DE8}") = "Samples", "Samples", "{058D5F83-3D9D-481B-87EC-93F7C286FAAB}"
EndProject
Project("{2150E333-8FDC-42A3-9474-1A3956D46DE8}") = "Plugins", "Plugins", "{15AD6A3D-0B25-493E-9B85-22365E95855C}"
EndProject
Global
	GlobalSection(SolutionConfigurationPlatforms) = preSolution
		Debug|Any CPU = Debug|Any CPU
		Release|Any CPU = Release|Any CPU
	EndGlobalSection
	GlobalSection(SolutionProperties) = preSolution
		HideSolutionNode = FALSE
	EndGlobalSection
	GlobalSection(ProjectConfigurationPlatforms) = postSolution
		{B28A21C0-80E0-43DB-A4BA-387F84323F54}.Debug|Any CPU.ActiveCfg = Debug|Any CPU
		{B28A21C0-80E0-43DB-A4BA-387F84323F54}.Debug|Any CPU.Build.0 = Debug|Any CPU
		{B28A21C0-80E0-43DB-A4BA-387F84323F54}.Release|Any CPU.ActiveCfg = Release|Any CPU
		{B28A21C0-80E0-43DB-A4BA-387F84323F54}.Release|Any CPU.Build.0 = Release|Any CPU
		{595374CC-F881-409C-AD8C-59DA6DA798BC}.Debug|Any CPU.ActiveCfg = Debug|Any CPU
		{595374CC-F881-409C-AD8C-59DA6DA798BC}.Debug|Any CPU.Build.0 = Debug|Any CPU
		{595374CC-F881-409C-AD8C-59DA6DA798BC}.Release|Any CPU.ActiveCfg = Release|Any CPU
		{595374CC-F881-409C-AD8C-59DA6DA798BC}.Release|Any CPU.Build.0 = Release|Any CPU
		{742807CB-63AE-4E97-9741-AC8CBFA5C235}.Debug|Any CPU.ActiveCfg = Debug|Any CPU
		{742807CB-63AE-4E97-9741-AC8CBFA5C235}.Debug|Any CPU.Build.0 = Debug|Any CPU
		{742807CB-63AE-4E97-9741-AC8CBFA5C235}.Release|Any CPU.ActiveCfg = Release|Any CPU
		{742807CB-63AE-4E97-9741-AC8CBFA5C235}.Release|Any CPU.Build.0 = Release|Any CPU
		{9C852229-578E-4DE8-9B29-7792E07CE9BC}.Debug|Any CPU.ActiveCfg = Debug|Any CPU
		{9C852229-578E-4DE8-9B29-7792E07CE9BC}.Debug|Any CPU.Build.0 = Debug|Any CPU
		{9C852229-578E-4DE8-9B29-7792E07CE9BC}.Release|Any CPU.ActiveCfg = Release|Any CPU
		{9C852229-578E-4DE8-9B29-7792E07CE9BC}.Release|Any CPU.Build.0 = Release|Any CPU
		{DCF85C61-D42A-4400-9D51-5268AFDD70FC}.Debug|Any CPU.ActiveCfg = Debug|Any CPU
		{DCF85C61-D42A-4400-9D51-5268AFDD70FC}.Debug|Any CPU.Build.0 = Debug|Any CPU
		{DCF85C61-D42A-4400-9D51-5268AFDD70FC}.Release|Any CPU.ActiveCfg = Release|Any CPU
		{DCF85C61-D42A-4400-9D51-5268AFDD70FC}.Release|Any CPU.Build.0 = Release|Any CPU
	EndGlobalSection
	GlobalSection(NestedProjects) = preSolution
		{742807CB-63AE-4E97-9741-AC8CBFA5C235} = {058D5F83-3D9D-481B-87EC-93F7C286FAAB}
		{9C852229-578E-4DE8-9B29-7792E07CE9BC} = {058D5F83-3D9D-481B-87EC-93F7C286FAAB}
		{595374CC-F881-409C-AD8C-59DA6DA798BC} = {058D5F83-3D9D-481B-87EC-93F7C286FAAB}
		{DCF85C61-D42A-4400-9D51-5268AFDD70FC} = {15AD6A3D-0B25-493E-9B85-22365E95855C}
	EndGlobalSection
EndGlobal
